// !$*UTF8*$!
{
	archiveVersion = 1;
	classes = {
	};
	objectVersion = 50;
	objects = {

/* Begin PBXBuildFile section */
		A56D93ED209AF3EC00C86A46 /* AppDelegate.m in Sources */ = {isa = PBXBuildFile; fileRef = A56D93EC209AF3EC00C86A46 /* AppDelegate.m */; };
		A56D93F0209AF3EC00C86A46 /* ViewController.m in Sources */ = {isa = PBXBuildFile; fileRef = A56D93EF209AF3EC00C86A46 /* ViewController.m */; };
		A56D93F5209AF3EE00C86A46 /* Assets.xcassets in Resources */ = {isa = PBXBuildFile; fileRef = A56D93F4209AF3EE00C86A46 /* Assets.xcassets */; };
		A56D93FB209AF3EE00C86A46 /* main.m in Sources */ = {isa = PBXBuildFile; fileRef = A56D93FA209AF3EE00C86A46 /* main.m */; };
		A56D9403209AF52300C86A46 /* BaseNavigationController.m in Sources */ = {isa = PBXBuildFile; fileRef = A56D9402209AF52300C86A46 /* BaseNavigationController.m */; };
		A56D9407209AF78600C86A46 /* ZXDateRangePickView.m in Sources */ = {isa = PBXBuildFile; fileRef = A56D9406209AF78600C86A46 /* ZXDateRangePickView.m */; };
		A56D940A209AF8A800C86A46 /* UIView+DQExtention.m in Sources */ = {isa = PBXBuildFile; fileRef = A56D9409209AF8A800C86A46 /* UIView+DQExtention.m */; };
/* End PBXBuildFile section */

/* Begin PBXFileReference section */
		A56D93E8209AF3EC00C86A46 /* DateRangeDemo.app */ = {isa = PBXFileReference; explicitFileType = wrapper.application; includeInIndex = 0; path = DateRangeDemo.app; sourceTree = BUILT_PRODUCTS_DIR; };
		A56D93EB209AF3EC00C86A46 /* AppDelegate.h */ = {isa = PBXFileReference; lastKnownFileType = sourcecode.c.h; path = AppDelegate.h; sourceTree = "<group>"; };
		A56D93EC209AF3EC00C86A46 /* AppDelegate.m */ = {isa = PBXFileReference; lastKnownFileType = sourcecode.c.objc; path = AppDelegate.m; sourceTree = "<group>"; };
		A56D93EE209AF3EC00C86A46 /* ViewController.h */ = {isa = PBXFileReference; lastKnownFileType = sourcecode.c.h; path = ViewController.h; sourceTree = "<group>"; };
		A56D93EF209AF3EC00C86A46 /* ViewController.m */ = {isa = PBXFileReference; lastKnownFileType = sourcecode.c.objc; path = ViewController.m; sourceTree = "<group>"; };
		A56D93F4209AF3EE00C86A46 /* Assets.xcassets */ = {isa = PBXFileReference; lastKnownFileType = folder.assetcatalog; path = Assets.xcassets; sourceTree = "<group>"; };
		A56D93F9209AF3EE00C86A46 /* Info.plist */ = {isa = PBXFileReference; lastKnownFileType = text.plist.xml; path = Info.plist; sourceTree = "<group>"; };
		A56D93FA209AF3EE00C86A46 /* main.m */ = {isa = PBXFileReference; lastKnownFileType = sourcecode.c.objc; path = main.m; sourceTree = "<group>"; };
		A56D9401209AF52300C86A46 /* BaseNavigationController.h */ = {isa = PBXFileReference; lastKnownFileType = sourcecode.c.h; path = BaseNavigationController.h; sourceTree = "<group>"; };
		A56D9402209AF52300C86A46 /* BaseNavigationController.m */ = {isa = PBXFileReference; lastKnownFileType = sourcecode.c.objc; path = BaseNavigationController.m; sourceTree = "<group>"; };
		A56D9404209AF58400C86A46 /* Defind.h */ = {isa = PBXFileReference; lastKnownFileType = sourcecode.c.h; path = Defind.h; sourceTree = "<group>"; };
		A56D9405209AF78600C86A46 /* ZXDateRangePickView.h */ = {isa = PBXFileReference; lastKnownFileType = sourcecode.c.h; path = ZXDateRangePickView.h; sourceTree = "<group>"; };
		A56D9406209AF78600C86A46 /* ZXDateRangePickView.m */ = {isa = PBXFileReference; lastKnownFileType = sourcecode.c.objc; path = ZXDateRangePickView.m; sourceTree = "<group>"; };
		A56D9408209AF8A800C86A46 /* UIView+DQExtention.h */ = {isa = PBXFileReference; lastKnownFileType = sourcecode.c.h; path = "UIView+DQExtention.h"; sourceTree = "<group>"; };
		A56D9409209AF8A800C86A46 /* UIView+DQExtention.m */ = {isa = PBXFileReference; lastKnownFileType = sourcecode.c.objc; path = "UIView+DQExtention.m"; sourceTree = "<group>"; };
/* End PBXFileReference section */

/* Begin PBXFrameworksBuildPhase section */
		A56D93E5209AF3EC00C86A46 /* Frameworks */ = {
			isa = PBXFrameworksBuildPhase;
			buildActionMask = 2147483647;
			files = (
			);
			runOnlyForDeploymentPostprocessing = 0;
		};
/* End PBXFrameworksBuildPhase section */

/* Begin PBXGroup section */
		A56D93DF209AF3EC00C86A46 = {
			isa = PBXGroup;
			children = (
				A56D93EA209AF3EC00C86A46 /* DateRangeDemo */,
				A56D93E9209AF3EC00C86A46 /* Products */,
			);
			sourceTree = "<group>";
		};
		A56D93E9209AF3EC00C86A46 /* Products */ = {
			isa = PBXGroup;
			children = (
				A56D93E8209AF3EC00C86A46 /* DateRangeDemo.app */,
			);
			name = Products;
			sourceTree = "<group>";
		};
		A56D93EA209AF3EC00C86A46 /* DateRangeDemo */ = {
			isa = PBXGroup;
			children = (
				A56D93EB209AF3EC00C86A46 /* AppDelegate.h */,
				A56D93EC209AF3EC00C86A46 /* AppDelegate.m */,
				A56D9401209AF52300C86A46 /* BaseNavigationController.h */,
				A56D9402209AF52300C86A46 /* BaseNavigationController.m */,
				A56D93EE209AF3EC00C86A46 /* ViewController.h */,
				A56D93EF209AF3EC00C86A46 /* ViewController.m */,
				A56D9405209AF78600C86A46 /* ZXDateRangePickView.h */,
				A56D9406209AF78600C86A46 /* ZXDateRangePickView.m */,
				A56D9404209AF58400C86A46 /* Defind.h */,
				A56D9408209AF8A800C86A46 /* UIView+DQExtention.h */,
				A56D9409209AF8A800C86A46 /* UIView+DQExtention.m */,
				A56D93F4209AF3EE00C86A46 /* Assets.xcassets */,
				A56D93F9209AF3EE00C86A46 /* Info.plist */,
				A56D93FA209AF3EE00C86A46 /* main.m */,
			);
			path = DateRangeDemo;
			sourceTree = "<group>";
		};
/* End PBXGroup section */

/* Begin PBXNativeTarget section */
		A56D93E7209AF3EC00C86A46 /* DateRangeDemo */ = {
			isa = PBXNativeTarget;
			buildConfigurationList = A56D93FE209AF3EE00C86A46 /* Build configuration list for PBXNativeTarget "DateRangeDemo" */;
			buildPhases = (
				A56D93E4209AF3EC00C86A46 /* Sources */,
				A56D93E5209AF3EC00C86A46 /* Frameworks */,
				A56D93E6209AF3EC00C86A46 /* Resources */,
			);
			buildRules = (
			);
			dependencies = (
			);
			name = DateRangeDemo;
			productName = DateRangeDemo;
			productReference = A56D93E8209AF3EC00C86A46 /* DateRangeDemo.app */;
			productType = "com.apple.product-type.application";
		};
/* End PBXNativeTarget section */

/* Begin PBXProject section */
		A56D93E0209AF3EC00C86A46 /* Project object */ = {
			isa = PBXProject;
			attributes = {
				LastUpgradeCheck = 0930;
				ORGANIZATIONNAME = "http://www.cnblogs.com/justqi/";
				TargetAttributes = {
					A56D93E7209AF3EC00C86A46 = {
						CreatedOnToolsVersion = 9.3;
					};
				};
			};
			buildConfigurationList = A56D93E3209AF3EC00C86A46 /* Build configuration list for PBXProject "DateRangeDemo" */;
			compatibilityVersion = "Xcode 9.3";
			developmentRegion = en;
			hasScannedForEncodings = 0;
			knownRegions = (
				en,
				Base,
			);
			mainGroup = A56D93DF209AF3EC00C86A46;
			productRefGroup = A56D93E9209AF3EC00C86A46 /* Products */;
			projectDirPath = "";
			projectRoot = "";
			targets = (
				A56D93E7209AF3EC00C86A46 /* DateRangeDemo */,
			);
		};
/* End PBXProject section */

/* Begin PBXResourcesBuildPhase section */
		A56D93E6209AF3EC00C86A46 /* Resources */ = {
			isa = PBXResourcesBuildPhase;
			buildActionMask = 2147483647;
			files = (
				A56D93F5209AF3EE00C86A46 /* Assets.xcassets in Resources */,
			);
			runOnlyForDeploymentPostprocessing = 0;
		};
/* End PBXResourcesBuildPhase section */

/* Begin PBXSourcesBuildPhase section */
		A56D93E4209AF3EC00C86A46 /* Sources */ = {
			isa = PBXSourcesBuildPhase;
			buildActionMask = 2147483647;
			files = (
				A56D9403209AF52300C86A46 /* BaseNavigationController.m in Sources */,
				A56D9407209AF78600C86A46 /* ZXDateRangePickView.m in Sources */,
				A56D940A209AF8A800C86A46 /* UIView+DQExtention.m in Sources */,
				A56D93F0209AF3EC00C86A46 /* ViewController.m in Sources */,
				A56D93FB209AF3EE00C86A46 /* main.m in Sources */,
				A56D93ED209AF3EC00C86A46 /* AppDelegate.m in Sources */,
			);
			runOnlyForDeploymentPostprocessing = 0;
		};
/* End PBXSourcesBuildPhase section */

/* Begin XCBuildConfiguration section */
		A56D93FC209AF3EE00C86A46 /* Debug */ = {
			isa = XCBuildConfiguration;
			buildSettings = {
				ALWAYS_SEARCH_USER_PATHS = NO;
				CLANG_ANALYZER_NONNULL = YES;
				CLANG_ANALYZER_NUMBER_OBJECT_CONVERSION = YES_AGGRESSIVE;
				CLANG_CXX_LANGUAGE_STANDARD = "gnu++14";
				CLANG_CXX_LIBRARY = "libc++";
				CLANG_ENABLE_MODULES = YES;
				CLANG_ENABLE_OBJC_ARC = YES;
				CLANG_ENABLE_OBJC_WEAK = YES;
				CLANG_WARN_BLOCK_CAPTURE_AUTORELEASING = YES;
				CLANG_WARN_BOOL_CONVERSION = YES;
				CLANG_WARN_COMMA = YES;
				CLANG_WARN_CONSTANT_CONVERSION = YES;
				CLANG_WARN_DEPRECATED_OBJC_IMPLEMENTATIONS = YES;
				CLANG_WARN_DIRECT_OBJC_ISA_USAGE = YES_ERROR;
				CLANG_WARN_DOCUMENTATION_COMMENTS = YES;
				CLANG_WARN_EMPTY_BODY = YES;
				CLANG_WARN_ENUM_CONVERSION = YES;
				CLANG_WARN_INFINITE_RECURSION = YES;
				CLANG_WARN_INT_CONVERSION = YES;
				CLANG_WARN_NON_LITERAL_NULL_CONVERSION = YES;
				CLANG_WARN_OBJC_IMPLICIT_RETAIN_SELF = YES;
				CLANG_WARN_OBJC_LITERAL_CONVERSION = YES;
				CLANG_WARN_OBJC_ROOT_CLASS = YES_ERROR;
				CLANG_WARN_RANGE_LOOP_ANALYSIS = YES;
				CLANG_WARN_STRICT_PROTOTYPES = YES;
				CLANG_WARN_SUSPICIOUS_MOVE = YES;
				CLANG_WARN_UNGUARDED_AVAILABILITY = YES_AGGRESSIVE;
				CLANG_WARN_UNREACHABLE_CODE = YES;
				CLANG_WARN__DUPLICATE_METHOD_MATCH = YES;
				CODE_SIGN_IDENTITY = "iPhone Developer";
				COPY_PHASE_STRIP = NO;
				DEBUG_INFORMATION_FORMAT = dwarf;
				ENABLE_STRICT_OBJC_MSGSEND = YES;
				ENABLE_TESTABILITY = YES;
				GCC_C_LANGUAGE_STANDARD = gnu11;
				GCC_DYNAMIC_NO_PIC = NO;
				GCC_NO_COMMON_BLOCKS = YES;
				GCC_OPTIMIZATION_LEVEL = 0;
				GCC_PREPROCESSOR_DEFINITIONS = (
					"DEBUG=1",
					"$(inherited)",
				);
				GCC_WARN_64_TO_32_BIT_CONVERSION = YES;
				GCC_WARN_ABOUT_RETURN_TYPE = YES_ERROR;
				GCC_WARN_UNDECLARED_SELECTOR = YES;
				GCC_WARN_UNINITIALIZED_AUTOS = YES_AGGRESSIVE;
				GCC_WARN_UNUSED_FUNCTION = YES;
				GCC_WARN_UNUSED_VARIABLE = YES;
				IPHONEOS_DEPLOYMENT_TARGET = 11.3;
				MTL_ENABLE_DEBUG_INFO = YES;
				ONLY_ACTIVE_ARCH = YES;
				SDKROOT = iphoneos;
			};
			name = Debug;
		};
		A56D93FD209AF3EE00C86A46 /* Release */ = {
			isa = XCBuildConfiguration;
			buildSettings = {
				ALWAYS_SEARCH_USER_PATHS = NO;
				CLANG_ANALYZER_NONNULL = YES;
				CLANG_ANALYZER_NUMBER_OBJECT_CONVERSION = YES_AGGRESSIVE;
				CLANG_CXX_LANGUAGE_STANDARD = "gnu++14";
				CLANG_CXX_LIBRARY = "libc++";
				CLANG_ENABLE_MODULES = YES;
				CLANG_ENABLE_OBJC_ARC = YES;
				CLANG_ENABLE_OBJC_WEAK = YES;
				CLANG_WARN_BLOCK_CAPTURE_AUTORELEASING = YES;
				CLANG_WARN_BOOL_CONVERSION = YES;
				CLANG_WARN_COMMA = YES;
				CLANG_WARN_CONSTANT_CONVERSION = YES;
				CLANG_WARN_DEPRECATED_OBJC_IMPLEMENTATIONS = YES;
				CLANG_WARN_DIRECT_OBJC_ISA_USAGE = YES_ERROR;
				CLANG_WARN_DOCUMENTATION_COMMENTS = YES;
				CLANG_WARN_EMPTY_BODY = YES;
				CLANG_WARN_ENUM_CONVERSION = YES;
				CLANG_WARN_INFINITE_RECURSION = YES;
				CLANG_WARN_INT_CONVERSION = YES;
				CLANG_WARN_NON_LITERAL_NULL_CONVERSION = YES;
				CLANG_WARN_OBJC_IMPLICIT_RETAIN_SELF = YES;
				CLANG_WARN_OBJC_LITERAL_CONVERSION = YES;
				CLANG_WARN_OBJC_ROOT_CLASS = YES_ERROR;
				CLANG_WARN_RANGE_LOOP_ANALYSIS = YES;
				CLANG_WARN_STRICT_PROTOTYPES = YES;
				CLANG_WARN_SUSPICIOUS_MOVE = YES;
				CLANG_WARN_UNGUARDED_AVAILABILITY = YES_AGGRESSIVE;
				CLANG_WARN_UNREACHABLE_CODE = YES;
				CLANG_WARN__DUPLICATE_METHOD_MATCH = YES;
				CODE_SIGN_IDENTITY = "iPhone Developer";
				COPY_PHASE_STRIP = NO;
				DEBUG_INFORMATION_FORMAT = "dwarf-with-dsym";
				ENABLE_NS_ASSERTIONS = NO;
				ENABLE_STRICT_OBJC_MSGSEND = YES;
				GCC_C_LANGUAGE_STANDARD = gnu11;
				GCC_NO_COMMON_BLOCKS = YES;
				GCC_WARN_64_TO_32_BIT_CONVERSION = YES;
				GCC_WARN_ABOUT_RETURN_TYPE = YES_ERROR;
				GCC_WARN_UNDECLARED_SELECTOR = YES;
				GCC_WARN_UNINITIALIZED_AUTOS = YES_AGGRESSIVE;
				GCC_WARN_UNUSED_FUNCTION = YES;
				GCC_WARN_UNUSED_VARIABLE = YES;
				IPHONEOS_DEPLOYMENT_TARGET = 11.3;
				MTL_ENABLE_DEBUG_INFO = NO;
				SDKROOT = iphoneos;
				VALIDATE_PRODUCT = YES;
			};
			name = Release;
		};
		A56D93FF209AF3EE00C86A46 /* Debug */ = {
			isa = XCBuildConfiguration;
			buildSettings = {
				ASSETCATALOG_COMPILER_APPICON_NAME = AppIcon;
				CODE_SIGN_STYLE = Automatic;
				DEVELOPMENT_TEAM = 9PSX9YG365;
				INFOPLIST_FILE = DateRangeDemo/Info.plist;
				LD_RUNPATH_SEARCH_PATHS = (
					"$(inherited)",
					"@executable_path/Frameworks",
				);
				PRODUCT_BUNDLE_IDENTIFIER = "http---www.cnblogs.com-justqi-.DateRangeDemo";
				PRODUCT_NAME = "$(TARGET_NAME)";
				TARGETED_DEVICE_FAMILY = 1;
			};
			name = Debug;
		};
		A56D9400209AF3EE00C86A46 /* Release */ = {
			isa = XCBuildConfiguration;
			buildSettings = {
				ASSETCATALOG_COMPILER_APPICON_NAME = AppIcon;
				CODE_SIGN_STYLE = Automatic;
				DEVELOPMENT_TEAM = 9PSX9YG365;
				INFOPLIST_FILE = DateRangeDemo/Info.plist;
				LD_RUNPATH_SEARCH_PATHS = (
					"$(inherited)",
					"@executable_path/Frameworks",
				);
				PRODUCT_BUNDLE_IDENTIFIER = "http---www.cnblogs.com-justqi-.DateRangeDemo";
				PRODUCT_NAME = "$(TARGET_NAME)";
				TARGETED_DEVICE_FAMILY = 1;
			};
			name = Release;
		};
/* End XCBuildConfiguration section */

/* Begin XCConfigurationList section */
		A56D93E3209AF3EC00C86A46 /* Build configuration list for PBXProject "DateRangeDemo" */ = {
			isa = XCConfigurationList;
			buildConfigurations = (
				A56D93FC209AF3EE00C86A46 /* Debug */,
				A56D93FD209AF3EE00C86A46 /* Release */,
			);
			defaultConfigurationIsVisible = 0;
			defaultConfigurationName = Release;
		};
		A56D93FE209AF3EE00C86A46 /* Build configuration list for PBXNativeTarget "DateRangeDemo" */ = {
			isa = XCConfigurationList;
			buildConfigurations = (
				A56D93FF209AF3EE00C86A46 /* Debug */,
				A56D9400209AF3EE00C86A46 /* Release */,
			);
			defaultConfigurationIsVisible = 0;
			defaultConfigurationName = Release;
		};
/* End XCConfigurationList section */
	};
	rootObject = A56D93E0209AF3EC00C86A46 /* Project object */;
}
